// !$*UTF8*$!
{
	archiveVersion = 1;
	classes = {
	};
	objectVersion = 70;
	objects = {

/* Begin PBXBuildFile section */
		0C7044AE3017C6B800277BD4 /* WidgetKit.framework in Frameworks */ = {isa = PBXBuildFile; fileRef = 0C7044AD3017C6B800277BD4 /* WidgetKit.framework */; };
		0C7044B03017C6B800277BD4 /* SwiftUI.framework in Frameworks */ = {isa = PBXBuildFile; fileRef = 0C7044AF3017C6B800277BD4 /* SwiftUI.framework */; };
		0C7044C23017C6BA00277BD4 /* SalahWidgetsExtension.appex in Embed Foundation Extensions */ = {isa = PBXBuildFile; fileRef = 0C7044AB3017C6B800277BD4 /* SalahWidgetsExtension.appex */; settings = {ATTRIBUTES = (RemoveHeadersOnCopy, ); }; };
		0CEE636C301BCC49000F3FF9 /* DebugDrawerView.swift in Sources */ = {isa = PBXBuildFile; fileRef = 0CEE636B301BCC41000F3FF9 /* DebugDrawerView.swift */; };
		5A8F54892B87696500ED1BFC /* Location/districts.json in Resources */ = {isa = PBXBuildFile; fileRef = 5A8F54882B87696500ED1BFC /* Location/districts.json */; };
		5AA6AB572B81E90900E2A7DB /* SalahApp.swift in Sources */ = {isa = PBXBuildFile; fileRef = 5AA6AB562B81E90900E2A7DB /* SalahApp.swift */; };
		5AA6AB5B2B81E90A00E2A7DB /* Assets.xcassets in Resources */ = {isa = PBXBuildFile; fileRef = 5AA6AB5A2B81E90A00E2A7DB /* Assets.xcassets */; };
		D20000000000000000000001 /* AppFoundation.swift in Sources */ = {isa = PBXBuildFile; fileRef = D10000000000000000000001 /* AppFoundation.swift */; };
		D20000000000000000000002 /* PlatformServices.swift in Sources */ = {isa = PBXBuildFile; fileRef = D10000000000000000000002 /* PlatformServices.swift */; };
		D20000000000000000000003 /* PrayerDomain.swift in Sources */ = {isa = PBXBuildFile; fileRef = D10000000000000000000003 /* PrayerDomain.swift */; };
		D20000000000000000000004 /* PrayerData.swift in Sources */ = {isa = PBXBuildFile; fileRef = D10000000000000000000004 /* PrayerData.swift */; };
		D20000000000000000000005 /* Persistence.swift in Sources */ = {isa = PBXBuildFile; fileRef = D10000000000000000000005 /* Persistence.swift */; };
		D20000000000000000000006 /* SalahTheme.swift in Sources */ = {isa = PBXBuildFile; fileRef = D10000000000000000000006 /* SalahTheme.swift */; };
		D20000000000000000000007 /* AppShell.swift in Sources */ = {isa = PBXBuildFile; fileRef = D10000000000000000000007 /* AppShell.swift */; };
		D20000000000000000000008 /* TodayView.swift in Sources */ = {isa = PBXBuildFile; fileRef = D10000000000000000000008 /* TodayView.swift */; };
		D20000000000000000000009 /* TrackerView.swift in Sources */ = {isa = PBXBuildFile; fileRef = D10000000000000000000009 /* TrackerView.swift */; };
		D2000000000000000000000A /* MoreView.swift in Sources */ = {isa = PBXBuildFile; fileRef = D1000000000000000000000A /* MoreView.swift */; };
		D2000000000000000000000B /* Localizable.xcstrings in Resources */ = {isa = PBXBuildFile; fileRef = D1000000000000000000000B /* Localizable.xcstrings */; };
		D2000000000000000000000C /* PrivacyInfo.xcprivacy in Resources */ = {isa = PBXBuildFile; fileRef = D1000000000000000000000C /* PrivacyInfo.xcprivacy */; };
		D2000000000000000000000D /* UITestSupport.swift in Sources */ = {isa = PBXBuildFile; fileRef = D1000000000000000000000D /* UITestSupport.swift */; };
		D2000000000000000000000E /* WidgetSharedData.swift in Sources */ = {isa = PBXBuildFile; fileRef = D1000000000000000000000E /* WidgetSharedData.swift */; };
		D2000000000000000000000F /* WidgetDataPublisher.swift in Sources */ = {isa = PBXBuildFile; fileRef = D1000000000000000000000F /* WidgetDataPublisher.swift */; };
		D20000000000000000000010 /* Localizable.xcstrings in Resources */ = {isa = PBXBuildFile; fileRef = D1000000000000000000000B /* Localizable.xcstrings */; };
		D20000000000000000000011 /* PrayerReminderSettingsView.swift in Sources */ = {isa = PBXBuildFile; fileRef = D10000000000000000000011 /* PrayerReminderSettingsView.swift */; };
		D20000000000000000000012 /* InsightsView.swift in Sources */ = {isa = PBXBuildFile; fileRef = D10000000000000000000012 /* InsightsView.swift */; };
		D20000000000000000000013 /* QiblaView.swift in Sources */ = {isa = PBXBuildFile; fileRef = D10000000000000000000013 /* QiblaView.swift */; };
		D20000000000000000000014 /* CharityHistoryView.swift in Sources */ = {isa = PBXBuildFile; fileRef = D10000000000000000000014 /* CharityHistoryView.swift */; };
		D20000000000000000000016 /* TasbihViews.swift in Sources */ = {isa = PBXBuildFile; fileRef = D10000000000000000000016 /* TasbihViews.swift */; };
		D50000000000000000000001 /* SalahDomainTests.swift in Sources */ = {isa = PBXBuildFile; fileRef = D40000000000000000000001 /* SalahDomainTests.swift */; };
		D50000000000000000000002 /* SalahUITests.swift in Sources */ = {isa = PBXBuildFile; fileRef = D40000000000000000000002 /* SalahUITests.swift */; };
		E10000000000000000000001 /* Adhan in Frameworks */ = {isa = PBXBuildFile; productRef = E30000000000000000000001 /* Adhan */; };
		FB0000000000000000000001 /* OnboardingFlow.swift in Sources */ = {isa = PBXBuildFile; fileRef = FA0000000000000000000001 /* OnboardingFlow.swift */; };
		FB0000000000000000000002 /* SharedComponents.swift in Sources */ = {isa = PBXBuildFile; fileRef = FA0000000000000000000002 /* SharedComponents.swift */; };
		FB0000000000000000000003 /* LocationEducationView.swift in Sources */ = {isa = PBXBuildFile; fileRef = FA0000000000000000000003 /* LocationEducationView.swift */; };
		FB0000000000000000000004 /* DistrictPickerView.swift in Sources */ = {isa = PBXBuildFile; fileRef = FA0000000000000000000004 /* DistrictPickerView.swift */; };
		FB0000000000000000000005 /* CurrentLocationSettingsSheet.swift in Sources */ = {isa = PBXBuildFile; fileRef = FA0000000000000000000005 /* CurrentLocationSettingsSheet.swift */; };
		FB0000000000000000000006 /* TodayComponents.swift in Sources */ = {isa = PBXBuildFile; fileRef = FA0000000000000000000006 /* TodayComponents.swift */; };
		FB0000000000000000000007 /* PrayerCalendarView.swift in Sources */ = {isa = PBXBuildFile; fileRef = FA0000000000000000000007 /* PrayerCalendarView.swift */; };
		FB0000000000000000000008 /* TrackerRows.swift in Sources */ = {isa = PBXBuildFile; fileRef = FA0000000000000000000008 /* TrackerRows.swift */; };
		FB0000000000000000000009 /* MoreSupport.swift in Sources */ = {isa = PBXBuildFile; fileRef = FA0000000000000000000009 /* MoreSupport.swift */; };
		FB000000000000000000000A /* LanguageSettingsView.swift in Sources */ = {isa = PBXBuildFile; fileRef = FA000000000000000000000A /* LanguageSettingsView.swift */; };
		FB000000000000000000000B /* RemindersView.swift in Sources */ = {isa = PBXBuildFile; fileRef = FA000000000000000000000B /* RemindersView.swift */; };
		FB000000000000000000000D /* AppearanceView.swift in Sources */ = {isa = PBXBuildFile; fileRef = FA000000000000000000000D /* AppearanceView.swift */; };
		FB000000000000000000000E /* PrivacyView.swift in Sources */ = {isa = PBXBuildFile; fileRef = FA000000000000000000000E /* PrivacyView.swift */; };
		FB000000000000000000000F /* AboutView.swift in Sources */ = {isa = PBXBuildFile; fileRef = FA000000000000000000000F /* AboutView.swift */; };
		FB0000000000000000000010 /* CharityDomain.swift in Sources */ = {isa = PBXBuildFile; fileRef = FA0000000000000000000010 /* CharityDomain.swift */; };
		FB0000000000000000000011 /* TasbihDomain.swift in Sources */ = {isa = PBXBuildFile; fileRef = FA0000000000000000000011 /* TasbihDomain.swift */; };
		FB0000000000000000000012 /* TrackerInsights.swift in Sources */ = {isa = PBXBuildFile; fileRef = FA0000000000000000000012 /* TrackerInsights.swift */; };
		FB0000000000000000000013 /* LocationView.swift in Sources */ = {isa = PBXBuildFile; fileRef = FA0000000000000000000013 /* LocationView.swift */; };
		FB0000000000000000000014 /* CalculationView.swift in Sources */ = {isa = PBXBuildFile; fileRef = FA0000000000000000000014 /* CalculationView.swift */; };
/* End PBXBuildFile section */

/* Begin PBXContainerItemProxy section */
		0C7044BF3017C6BA00277BD4 /* PBXContainerItemProxy */ = {
			isa = PBXContainerItemProxy;
			containerPortal = 5AA6AB4B2B81E90900E2A7DB /* Project object */;
			proxyType = 1;
			remoteGlobalIDString = 0C7044AA3017C6B800277BD4;
			remoteInfo = SalahWidgetsExtension;
		};
		D60000000000000000000001 /* PBXContainerItemProxy */ = {
			isa = PBXContainerItemProxy;
			containerPortal = 5AA6AB4B2B81E90900E2A7DB /* Project object */;
			proxyType = 1;
			remoteGlobalIDString = 5AA6AB522B81E90900E2A7DB;
			remoteInfo = Salah;
		};
		D60000000000000000000002 /* PBXContainerItemProxy */ = {
			isa = PBXContainerItemProxy;
			containerPortal = 5AA6AB4B2B81E90900E2A7DB /* Project object */;
			proxyType = 1;
			remoteGlobalIDString = 5AA6AB522B81E90900E2A7DB;
			remoteInfo = Salah;
		};
/* End PBXContainerItemProxy section */

/* Begin PBXCopyFilesBuildPhase section */
		0C7044C13017C6BA00277BD4 /* Embed Foundation Extensions */ = {
			isa = PBXCopyFilesBuildPhase;
			buildActionMask = 2147483647;
			dstPath = "";
			dstSubfolderSpec = 13;
			files = (
				0C7044C23017C6BA00277BD4 /* SalahWidgetsExtension.appex in Embed Foundation Extensions */,
			);
			name = "Embed Foundation Extensions";
			runOnlyForDeploymentPostprocessing = 0;
		};
/* End PBXCopyFilesBuildPhase section */

/* Begin PBXFileReference section */
		0C6F31013013EF7F0065F050 /* .swiftlint.yml */ = {isa = PBXFileReference; lastKnownFileType = text; path = .swiftlint.yml; sourceTree = "<group>"; };
		0C7044AB3017C6B800277BD4 /* SalahWidgetsExtension.appex */ = {isa = PBXFileReference; explicitFileType = "wrapper.app-extension"; includeInIndex = 0; path = SalahWidgetsExtension.appex; sourceTree = BUILT_PRODUCTS_DIR; };
		0C7044AD3017C6B800277BD4 /* WidgetKit.framework */ = {isa = PBXFileReference; lastKnownFileType = wrapper.framework; name = WidgetKit.framework; path = System/Library/Frameworks/WidgetKit.framework; sourceTree = SDKROOT; };
		0C7044AF3017C6B800277BD4 /* SwiftUI.framework */ = {isa = PBXFileReference; lastKnownFileType = wrapper.framework; name = SwiftUI.framework; path = System/Library/Frameworks/SwiftUI.framework; sourceTree = SDKROOT; };
		0C7044C73017C8F900277BD4 /* Salah.entitlements */ = {isa = PBXFileReference; lastKnownFileType = text.plist.entitlements; path = Salah.entitlements; sourceTree = "<group>"; };
		0C7044C83017C92200277BD4 /* SalahWidgetsExtension.entitlements */ = {isa = PBXFileReference; lastKnownFileType = text.plist.entitlements; path = SalahWidgetsExtension.entitlements; sourceTree = "<group>"; };
		0CEE636B301BCC41000F3FF9 /* DebugDrawerView.swift */ = {isa = PBXFileReference; lastKnownFileType = sourcecode.swift; path = DebugDrawerView.swift; sourceTree = "<group>"; };
		5A8F54882B87696500ED1BFC /* Location/districts.json */ = {isa = PBXFileReference; fileEncoding = 4; lastKnownFileType = text.json; path = Location/districts.json; sourceTree = "<group>"; };
		5AA6AB532B81E90900E2A7DB /* Salah.app */ = {isa = PBXFileReference; explicitFileType = wrapper.application; includeInIndex = 0; path = Salah.app; sourceTree = BUILT_PRODUCTS_DIR; };
		5AA6AB562B81E90900E2A7DB /* SalahApp.swift */ = {isa = PBXFileReference; lastKnownFileType = sourcecode.swift; path = SalahApp.swift; sourceTree = "<group>"; };
		5AA6AB5A2B81E90A00E2A7DB /* Assets.xcassets */ = {isa = PBXFileReference; lastKnownFileType = folder.assetcatalog; path = Assets.xcassets; sourceTree = "<group>"; };
		D10000000000000000000001 /* AppFoundation.swift */ = {isa = PBXFileReference; lastKnownFileType = sourcecode.swift; path = AppFoundation.swift; sourceTree = "<group>"; };
		D10000000000000000000002 /* PlatformServices.swift */ = {isa = PBXFileReference; lastKnownFileType = sourcecode.swift; path = PlatformServices.swift; sourceTree = "<group>"; };
		D10000000000000000000003 /* PrayerDomain.swift */ = {isa = PBXFileReference; lastKnownFileType = sourcecode.swift; path = PrayerDomain.swift; sourceTree = "<group>"; };
		D10000000000000000000004 /* PrayerData.swift */ = {isa = PBXFileReference; lastKnownFileType = sourcecode.swift; path = PrayerData.swift; sourceTree = "<group>"; };
		D10000000000000000000005 /* Persistence.swift */ = {isa = PBXFileReference; lastKnownFileType = sourcecode.swift; path = Persistence.swift; sourceTree = "<group>"; };
		D10000000000000000000006 /* SalahTheme.swift */ = {isa = PBXFileReference; lastKnownFileType = sourcecode.swift; path = SalahTheme.swift; sourceTree = "<group>"; };
		D10000000000000000000007 /* AppShell.swift */ = {isa = PBXFileReference; lastKnownFileType = sourcecode.swift; path = AppShell.swift; sourceTree = "<group>"; };
		D10000000000000000000008 /* TodayView.swift */ = {isa = PBXFileReference; lastKnownFileType = sourcecode.swift; path = TodayView.swift; sourceTree = "<group>"; };
		D10000000000000000000009 /* TrackerView.swift */ = {isa = PBXFileReference; lastKnownFileType = sourcecode.swift; path = TrackerView.swift; sourceTree = "<group>"; };
		D1000000000000000000000A /* MoreView.swift */ = {isa = PBXFileReference; lastKnownFileType = sourcecode.swift; path = MoreView.swift; sourceTree = "<group>"; };
		D1000000000000000000000B /* Localizable.xcstrings */ = {isa = PBXFileReference; lastKnownFileType = text.json.xcstrings; path = Localizable.xcstrings; sourceTree = "<group>"; };
		D1000000000000000000000C /* PrivacyInfo.xcprivacy */ = {isa = PBXFileReference; lastKnownFileType = text.xml; path = PrivacyInfo.xcprivacy; sourceTree = "<group>"; };
		D1000000000000000000000D /* UITestSupport.swift */ = {isa = PBXFileReference; lastKnownFileType = sourcecode.swift; path = UITestSupport.swift; sourceTree = "<group>"; };
		D1000000000000000000000E /* WidgetSharedData.swift */ = {isa = PBXFileReference; lastKnownFileType = sourcecode.swift; name = WidgetSharedData.swift; path = SalahWidgets/WidgetSharedData.swift; sourceTree = "<group>"; };
		D1000000000000000000000F /* WidgetDataPublisher.swift */ = {isa = PBXFileReference; lastKnownFileType = sourcecode.swift; path = WidgetDataPublisher.swift; sourceTree = "<group>"; };
		D10000000000000000000011 /* PrayerReminderSettingsView.swift */ = {isa = PBXFileReference; lastKnownFileType = sourcecode.swift; path = PrayerReminderSettingsView.swift; sourceTree = "<group>"; };
		D10000000000000000000012 /* InsightsView.swift */ = {isa = PBXFileReference; lastKnownFileType = sourcecode.swift; path = InsightsView.swift; sourceTree = "<group>"; };
		D10000000000000000000013 /* QiblaView.swift */ = {isa = PBXFileReference; lastKnownFileType = sourcecode.swift; path = QiblaView.swift; sourceTree = "<group>"; };
		D10000000000000000000014 /* CharityHistoryView.swift */ = {isa = PBXFileReference; lastKnownFileType = sourcecode.swift; path = CharityHistoryView.swift; sourceTree = "<group>"; };
		D10000000000000000000016 /* TasbihViews.swift */ = {isa = PBXFileReference; lastKnownFileType = sourcecode.swift; path = TasbihViews.swift; sourceTree = "<group>"; };
		D40000000000000000000001 /* SalahDomainTests.swift */ = {isa = PBXFileReference; lastKnownFileType = sourcecode.swift; path = SalahDomainTests.swift; sourceTree = "<group>"; };
		D40000000000000000000002 /* SalahUITests.swift */ = {isa = PBXFileReference; lastKnownFileType = sourcecode.swift; path = SalahUITests.swift; sourceTree = "<group>"; };
		D40000000000000000000003 /* SalahTests.xctest */ = {isa = PBXFileReference; explicitFileType = wrapper.cfbundle; includeInIndex = 0; path = SalahTests.xctest; sourceTree = BUILT_PRODUCTS_DIR; };
		D40000000000000000000004 /* SalahUITests.xctest */ = {isa = PBXFileReference; explicitFileType = wrapper.cfbundle; includeInIndex = 0; path = SalahUITests.xctest; sourceTree = BUILT_PRODUCTS_DIR; };
		FA0000000000000000000001 /* OnboardingFlow.swift */ = {isa = PBXFileReference; lastKnownFileType = sourcecode.swift; path = OnboardingFlow.swift; sourceTree = "<group>"; };
		FA0000000000000000000002 /* SharedComponents.swift */ = {isa = PBXFileReference; lastKnownFileType = sourcecode.swift; path = SharedComponents.swift; sourceTree = "<group>"; };
		FA0000000000000000000003 /* LocationEducationView.swift */ = {isa = PBXFileReference; lastKnownFileType = sourcecode.swift; path = LocationEducationView.swift; sourceTree = "<group>"; };
		FA0000000000000000000004 /* DistrictPickerView.swift */ = {isa = PBXFileReference; lastKnownFileType = sourcecode.swift; path = DistrictPickerView.swift; sourceTree = "<group>"; };
		FA0000000000000000000005 /* CurrentLocationSettingsSheet.swift */ = {isa = PBXFileReference; lastKnownFileType = sourcecode.swift; path = CurrentLocationSettingsSheet.swift; sourceTree = "<group>"; };
		FA0000000000000000000006 /* TodayComponents.swift */ = {isa = PBXFileReference; lastKnownFileType = sourcecode.swift; path = TodayComponents.swift; sourceTree = "<group>"; };
		FA0000000000000000000007 /* PrayerCalendarView.swift */ = {isa = PBXFileReference; lastKnownFileType = sourcecode.swift; path = PrayerCalendarView.swift; sourceTree = "<group>"; };
		FA0000000000000000000008 /* TrackerRows.swift */ = {isa = PBXFileReference; lastKnownFileType = sourcecode.swift; path = TrackerRows.swift; sourceTree = "<group>"; };
		FA0000000000000000000009 /* MoreSupport.swift */ = {isa = PBXFileReference; lastKnownFileType = sourcecode.swift; path = MoreSupport.swift; sourceTree = "<group>"; };
		FA000000000000000000000A /* LanguageSettingsView.swift */ = {isa = PBXFileReference; lastKnownFileType = sourcecode.swift; path = LanguageSettingsView.swift; sourceTree = "<group>"; };
		FA000000000000000000000B /* RemindersView.swift */ = {isa = PBXFileReference; lastKnownFileType = sourcecode.swift; path = RemindersView.swift; sourceTree = "<group>"; };
		FA000000000000000000000D /* AppearanceView.swift */ = {isa = PBXFileReference; lastKnownFileType = sourcecode.swift; path = AppearanceView.swift; sourceTree = "<group>"; };
		FA000000000000000000000E /* PrivacyView.swift */ = {isa = PBXFileReference; lastKnownFileType = sourcecode.swift; path = PrivacyView.swift; sourceTree = "<group>"; };
		FA000000000000000000000F /* AboutView.swift */ = {isa = PBXFileReference; lastKnownFileType = sourcecode.swift; path = AboutView.swift; sourceTree = "<group>"; };
		FA0000000000000000000010 /* CharityDomain.swift */ = {isa = PBXFileReference; lastKnownFileType = sourcecode.swift; path = CharityDomain.swift; sourceTree = "<group>"; };
		FA0000000000000000000011 /* TasbihDomain.swift */ = {isa = PBXFileReference; lastKnownFileType = sourcecode.swift; path = TasbihDomain.swift; sourceTree = "<group>"; };
		FA0000000000000000000012 /* TrackerInsights.swift */ = {isa = PBXFileReference; lastKnownFileType = sourcecode.swift; path = TrackerInsights.swift; sourceTree = "<group>"; };
		FA0000000000000000000013 /* LocationView.swift */ = {isa = PBXFileReference; lastKnownFileType = sourcecode.swift; path = LocationView.swift; sourceTree = "<group>"; };
		FA0000000000000000000014 /* CalculationView.swift */ = {isa = PBXFileReference; lastKnownFileType = sourcecode.swift; path = CalculationView.swift; sourceTree = "<group>"; };
/* End PBXFileReference section */

/* Begin PBXFileSystemSynchronizedBuildFileExceptionSet section */
		0C7044C53017C6BA00277BD4 /* PBXFileSystemSynchronizedBuildFileExceptionSet */ = {
			isa = PBXFileSystemSynchronizedBuildFileExceptionSet;
			membershipExceptions = (
				Info.plist,
			);
			target = 0C7044AA3017C6B800277BD4 /* SalahWidgetsExtension */;
		};
/* End PBXFileSystemSynchronizedBuildFileExceptionSet section */

/* Begin PBXFileSystemSynchronizedRootGroup section */
		0C7044B13017C6B800277BD4 /* SalahWidgets */ = {isa = PBXFileSystemSynchronizedRootGroup; exceptions = (0C7044C53017C6BA00277BD4 /* PBXFileSystemSynchronizedBuildFileExceptionSet */, ); explicitFileTypes = {}; explicitFolders = (); path = SalahWidgets; sourceTree = "<group>"; };
/* End PBXFileSystemSynchronizedRootGroup section */

/* Begin PBXFrameworksBuildPhase section */
		0C7044A83017C6B800277BD4 /* Frameworks */ = {
			isa = PBXFrameworksBuildPhase;
			buildActionMask = 2147483647;
			files = (
				0C7044B03017C6B800277BD4 /* SwiftUI.framework in Frameworks */,
				0C7044AE3017C6B800277BD4 /* WidgetKit.framework in Frameworks */,
			);
			runOnlyForDeploymentPostprocessing = 0;
		};
		5AA6AB502B81E90900E2A7DB /* Frameworks */ = {
			isa = PBXFrameworksBuildPhase;
			buildActionMask = 2147483647;
			files = (
				E10000000000000000000001 /* Adhan in Frameworks */,
			);
			runOnlyForDeploymentPostprocessing = 0;
		};
		D70000000000000000000001 /* Frameworks */ = {
			isa = PBXFrameworksBuildPhase;
			buildActionMask = 2147483647;
			files = (
			);
			runOnlyForDeploymentPostprocessing = 0;
		};
		D70000000000000000000002 /* Frameworks */ = {
			isa = PBXFrameworksBuildPhase;
			buildActionMask = 2147483647;
			files = (
			);
			runOnlyForDeploymentPostprocessing = 0;
		};
/* End PBXFrameworksBuildPhase section */

/* Begin PBXGroup section */
		0C7044AC3017C6B800277BD4 /* Frameworks */ = {
			isa = PBXGroup;
			children = (
				0C7044AD3017C6B800277BD4 /* WidgetKit.framework */,
				0C7044AF3017C6B800277BD4 /* SwiftUI.framework */,
			);
			name = Frameworks;
			sourceTree = "<group>";
		};
		0CEE636A301BCC02000F3FF9 /* Debug */ = {
			isa = PBXGroup;
			children = (
				0CEE636B301BCC41000F3FF9 /* DebugDrawerView.swift */,
			);
			path = Debug;
			sourceTree = "<group>";
		};
		5AA6AB4A2B81E90900E2A7DB = {
			isa = PBXGroup;
			children = (
				0C7044C83017C92200277BD4 /* SalahWidgetsExtension.entitlements */,
				D1000000000000000000000E /* WidgetSharedData.swift */,
				0C6F31013013EF7F0065F050 /* .swiftlint.yml */,
				5AA6AB552B81E90900E2A7DB /* Salah */,
				D80000000000000000000001 /* SalahTests */,
				D80000000000000000000002 /* SalahUITests */,
				0C7044B13017C6B800277BD4 /* SalahWidgets */,
				0C7044AC3017C6B800277BD4 /* Frameworks */,
				5AA6AB542B81E90900E2A7DB /* Products */,
			);
			sourceTree = "<group>";
		};
		5AA6AB542B81E90900E2A7DB /* Products */ = {
			isa = PBXGroup;
			children = (
				5AA6AB532B81E90900E2A7DB /* Salah.app */,
				D40000000000000000000003 /* SalahTests.xctest */,
				D40000000000000000000004 /* SalahUITests.xctest */,
				0C7044AB3017C6B800277BD4 /* SalahWidgetsExtension.appex */,
			);
			name = Products;
			sourceTree = "<group>";
		};
		5AA6AB552B81E90900E2A7DB /* Salah */ = {
			isa = PBXGroup;
			children = (
				0C7044C73017C8F900277BD4 /* Salah.entitlements */,
				D1000000000000000000000F /* WidgetDataPublisher.swift */,
				5AA6AB562B81E90900E2A7DB /* SalahApp.swift */,
				D30000000000000000000001 /* App */,
				D30000000000000000000002 /* Core */,
				D30000000000000000000003 /* Domain */,
				D30000000000000000000004 /* Data */,
				D30000000000000000000005 /* Features */,
				D30000000000000000000006 /* Resources */,
				5AA6AB5A2B81E90A00E2A7DB /* Assets.xcassets */,
				0CEE636A301BCC02000F3FF9 /* Debug */,
			);
			path = Salah;
			sourceTree = "<group>";
		};
		D30000000000000000000001 /* App */ = {
			isa = PBXGroup;
			children = (
				D10000000000000000000001 /* AppFoundation.swift */,
				D1000000000000000000000D /* UITestSupport.swift */,
			);
			path = App;
			sourceTree = "<group>";
		};
		D30000000000000000000002 /* Core */ = {
			isa = PBXGroup;
			children = (
				D10000000000000000000002 /* PlatformServices.swift */,
			);
			path = Core;
			sourceTree = "<group>";
		};
		D30000000000000000000003 /* Domain */ = {
			isa = PBXGroup;
			children = (
				D10000000000000000000003 /* PrayerDomain.swift */,
				FA0000000000000000000010 /* CharityDomain.swift */,
				FA0000000000000000000011 /* TasbihDomain.swift */,
				FA0000000000000000000012 /* TrackerInsights.swift */,
			);
			path = Domain;
			sourceTree = "<group>";
		};
		D30000000000000000000004 /* Data */ = {
			isa = PBXGroup;
			children = (
				D10000000000000000000004 /* PrayerData.swift */,
				D10000000000000000000005 /* Persistence.swift */,
			);
			path = Data;
			sourceTree = "<group>";
		};
		D30000000000000000000005 /* Features */ = {
			isa = PBXGroup;
			children = (
				D10000000000000000000007 /* AppShell.swift */,
				FA0000000000000000000001 /* OnboardingFlow.swift */,
				D30000000000000000000007 /* Common */,
				D30000000000000000000008 /* Today */,
				D30000000000000000000009 /* Calendar */,
				D3000000000000000000000A /* Tracker */,
				D3000000000000000000000B /* Qibla */,
				D3000000000000000000000C /* More */,
			);
			path = Features;
			sourceTree = "<group>";
		};
		D30000000000000000000006 /* Resources */ = {
			isa = PBXGroup;
			children = (
				D1000000000000000000000B /* Localizable.xcstrings */,
				D1000000000000000000000C /* PrivacyInfo.xcprivacy */,
				5A8F54882B87696500ED1BFC /* Location/districts.json */,
			);
			path = Resources;
			sourceTree = "<group>";
		};
		D30000000000000000000007 /* Common */ = {
			isa = PBXGroup;
			children = (
				D10000000000000000000006 /* SalahTheme.swift */,
				FA0000000000000000000002 /* SharedComponents.swift */,
				FA0000000000000000000003 /* LocationEducationView.swift */,
				FA0000000000000000000004 /* DistrictPickerView.swift */,
				FA0000000000000000000005 /* CurrentLocationSettingsSheet.swift */,
			);
			path = Common;
			sourceTree = "<group>";
		};
		D30000000000000000000008 /* Today */ = {
			isa = PBXGroup;
			children = (
				D10000000000000000000008 /* TodayView.swift */,
				FA0000000000000000000006 /* TodayComponents.swift */,
			);
			path = Today;
			sourceTree = "<group>";
		};
		D30000000000000000000009 /* Calendar */ = {
			isa = PBXGroup;
			children = (
				FA0000000000000000000007 /* PrayerCalendarView.swift */,
			);
			path = Calendar;
			sourceTree = "<group>";
		};
		D3000000000000000000000A /* Tracker */ = {
			isa = PBXGroup;
			children = (
				D10000000000000000000009 /* TrackerView.swift */,
				FA0000000000000000000008 /* TrackerRows.swift */,
				D10000000000000000000016 /* TasbihViews.swift */,
				D10000000000000000000012 /* InsightsView.swift */,
				D10000000000000000000014 /* CharityHistoryView.swift */,
			);
			path = Tracker;
			sourceTree = "<group>";
		};
		D3000000000000000000000B /* Qibla */ = {
			isa = PBXGroup;
			children = (
				D10000000000000000000013 /* QiblaView.swift */,
			);
			path = Qibla;
			sourceTree = "<group>";
		};
		D3000000000000000000000C /* More */ = {
			isa = PBXGroup;
			children = (
				FA0000000000000000000009 /* MoreSupport.swift */,
				D1000000000000000000000A /* MoreView.swift */,
				FA000000000000000000000A /* LanguageSettingsView.swift */,
				FA000000000000000000000B /* RemindersView.swift */,
				D10000000000000000000011 /* PrayerReminderSettingsView.swift */,
				FA0000000000000000000013 /* LocationView.swift */,
				FA0000000000000000000014 /* CalculationView.swift */,
				FA000000000000000000000D /* AppearanceView.swift */,
				FA000000000000000000000E /* PrivacyView.swift */,
				FA000000000000000000000F /* AboutView.swift */,
			);
			path = More;
			sourceTree = "<group>";
		};
		D80000000000000000000001 /* SalahTests */ = {
			isa = PBXGroup;
			children = (
				D40000000000000000000001 /* SalahDomainTests.swift */,
			);
			path = SalahTests;
			sourceTree = "<group>";
		};
		D80000000000000000000002 /* SalahUITests */ = {
			isa = PBXGroup;
			children = (
				D40000000000000000000002 /* SalahUITests.swift */,
			);
			path = SalahUITests;
			sourceTree = "<group>";
		};
/* End PBXGroup section */

/* Begin PBXNativeTarget section */
		0C7044AA3017C6B800277BD4 /* SalahWidgetsExtension */ = {
			isa = PBXNativeTarget;
			buildConfigurationList = 0C7044C63017C6BA00277BD4 /* Build configuration list for PBXNativeTarget "SalahWidgetsExtension" */;
			buildPhases = (
				0C7044A73017C6B800277BD4 /* Sources */,
				0C7044A83017C6B800277BD4 /* Frameworks */,
				0C7044A93017C6B800277BD4 /* Resources */,
			);
			buildRules = (
			);
			dependencies = (
			);
			fileSystemSynchronizedGroups = (
				0C7044B13017C6B800277BD4 /* SalahWidgets */,
			);
			name = SalahWidgetsExtension;
			packageProductDependencies = (
			);
			productName = SalahWidgetsExtension;
			productReference = 0C7044AB3017C6B800277BD4 /* SalahWidgetsExtension.appex */;
			productType = "com.apple.product-type.app-extension";
		};
		5AA6AB522B81E90900E2A7DB /* Salah */ = {
			isa = PBXNativeTarget;
			buildConfigurationList = 5AA6AB612B81E90A00E2A7DB /* Build configuration list for PBXNativeTarget "Salah" */;
			buildPhases = (
				0C6F31023013EFA50065F050 /* Run Swiftlint */,
				5AA6AB4F2B81E90900E2A7DB /* Sources */,
				5AA6AB502B81E90900E2A7DB /* Frameworks */,
				5AA6AB512B81E90900E2A7DB /* Resources */,
				0C7044C13017C6BA00277BD4 /* Embed Foundation Extensions */,
			);
			buildRules = (
			);
			dependencies = (
				0C7044C03017C6BA00277BD4 /* PBXTargetDependency */,
			);
			name = Salah;
			packageProductDependencies = (
				E30000000000000000000001 /* Adhan */,
			);
			productName = Salah;
			productReference = 5AA6AB532B81E90900E2A7DB /* Salah.app */;
			productType = "com.apple.product-type.application";
		};
		D90000000000000000000001 /* SalahTests */ = {
			isa = PBXNativeTarget;
			buildConfigurationList = DA0000000000000000000001 /* Build configuration list for PBXNativeTarget "SalahTests" */;
			buildPhases = (
				DB0000000000000000000001 /* Sources */,
				D70000000000000000000001 /* Frameworks */,
				DC0000000000000000000001 /* Resources */,
			);
			buildRules = (
			);
			dependencies = (
				DD0000000000000000000001 /* PBXTargetDependency */,
			);
			name = SalahTests;
			productName = SalahTests;
			productReference = D40000000000000000000003 /* SalahTests.xctest */;
			productType = "com.apple.product-type.bundle.unit-test";
		};
		D90000000000000000000002 /* SalahUITests */ = {
			isa = PBXNativeTarget;
			buildConfigurationList = DA0000000000000000000002 /* Build configuration list for PBXNativeTarget "SalahUITests" */;
			buildPhases = (
				DB0000000000000000000002 /* Sources */,
				D70000000000000000000002 /* Frameworks */,
				DC0000000000000000000002 /* Resources */,
			);
			buildRules = (
			);
			dependencies = (
				DD0000000000000000000002 /* PBXTargetDependency */,
			);
			name = SalahUITests;
			productName = SalahUITests;
			productReference = D40000000000000000000004 /* SalahUITests.xctest */;
			productType = "com.apple.product-type.bundle.ui-testing";
		};
/* End PBXNativeTarget section */

/* Begin PBXProject section */
		5AA6AB4B2B81E90900E2A7DB /* Project object */ = {
			isa = PBXProject;
			attributes = {
				BuildIndependentTargetsInParallel = 1;
				LastSwiftUpdateCheck = 2600;
				LastUpgradeCheck = 1520;
				TargetAttributes = {
					0C7044AA3017C6B800277BD4 = {
						CreatedOnToolsVersion = 26.0.1;
					};
					5AA6AB522B81E90900E2A7DB = {
						CreatedOnToolsVersion = 15.2;
					};
					D90000000000000000000001 = {
						CreatedOnToolsVersion = 26.0;
						TestTargetID = 5AA6AB522B81E90900E2A7DB;
					};
					D90000000000000000000002 = {
						CreatedOnToolsVersion = 26.0;
						TestTargetID = 5AA6AB522B81E90900E2A7DB;
					};
				};
			};
			buildConfigurationList = 5AA6AB4E2B81E90900E2A7DB /* Build configuration list for PBXProject "Salah" */;
			compatibilityVersion = "Xcode 14.0";
			developmentRegion = en;
			hasScannedForEncodings = 0;
			knownRegions = (
				en,
				bn,
				Base,
			);
			mainGroup = 5AA6AB4A2B81E90900E2A7DB;
			packageReferences = (
				E20000000000000000000001 /* XCRemoteSwiftPackageReference "adhan-swift" */,
			);
			productRefGroup = 5AA6AB542B81E90900E2A7DB /* Products */;
			projectDirPath = "";
			projectRoot = "";
			targets = (
				5AA6AB522B81E90900E2A7DB /* Salah */,
				D90000000000000000000001 /* SalahTests */,
				D90000000000000000000002 /* SalahUITests */,
				0C7044AA3017C6B800277BD4 /* SalahWidgetsExtension */,
			);
		};
/* End PBXProject section */

/* Begin PBXResourcesBuildPhase section */
		0C7044A93017C6B800277BD4 /* Resources */ = {
			isa = PBXResourcesBuildPhase;
			buildActionMask = 2147483647;
			files = (
				D20000000000000000000010 /* Localizable.xcstrings in Resources */,
			);
			runOnlyForDeploymentPostprocessing = 0;
		};
		5AA6AB512B81E90900E2A7DB /* Resources */ = {
			isa = PBXResourcesBuildPhase;
			buildActionMask = 2147483647;
			files = (
				D2000000000000000000000B /* Localizable.xcstrings in Resources */,
				D2000000000000000000000C /* PrivacyInfo.xcprivacy in Resources */,
				5AA6AB5B2B81E90A00E2A7DB /* Assets.xcassets in Resources */,
				5A8F54892B87696500ED1BFC /* Location/districts.json in Resources */,
			);
			runOnlyForDeploymentPostprocessing = 0;
		};
		DC0000000000000000000001 /* Resources */ = {
			isa = PBXResourcesBuildPhase;
			buildActionMask = 2147483647;
			files = (
			);
			runOnlyForDeploymentPostprocessing = 0;
		};
		DC0000000000000000000002 /* Resources */ = {
			isa = PBXResourcesBuildPhase;
			buildActionMask = 2147483647;
			files = (
			);
			runOnlyForDeploymentPostprocessing = 0;
		};
/* End PBXResourcesBuildPhase section */

/* Begin PBXShellScriptBuildPhase section */
		0C6F31023013EFA50065F050 /* Run Swiftlint */ = {
			isa = PBXShellScriptBuildPhase;
			buildActionMask = 2147483647;
			files = (
			);
			inputFileListPaths = (
			);
			inputPaths = (
			);
			name = "Run Swiftlint";
			outputFileListPaths = (
			);
			outputPaths = (
			);
			runOnlyForDeploymentPostprocessing = 0;
			shellPath = /bin/sh;
			shellScript = "# Type a script or drag a script file from your workspace to insert its path.\nexport PATH=\"/opt/homebrew/bin:/usr/local/bin:$PATH\"\n\nif command -v swiftlint >/dev/null 2>&1;\nthen\n    cd \"$SRCROOT\" || exit 1\n    swiftlint lint --lenient\nelse\n    echo \"warning: SwiftLint is not installed. Run: brew install swiftlint\"\nfi\n";
		};
/* End PBXShellScriptBuildPhase section */

/* Begin PBXSourcesBuildPhase section */
		0C7044A73017C6B800277BD4 /* Sources */ = {
			isa = PBXSourcesBuildPhase;
			buildActionMask = 2147483647;
			files = (
			);
			runOnlyForDeploymentPostprocessing = 0;
		};
		5AA6AB4F2B81E90900E2A7DB /* Sources */ = {
			isa = PBXSourcesBuildPhase;
			buildActionMask = 2147483647;
			files = (
				5AA6AB572B81E90900E2A7DB /* SalahApp.swift in Sources */,
				D20000000000000000000001 /* AppFoundation.swift in Sources */,
				D2000000000000000000000D /* UITestSupport.swift in Sources */,
				D20000000000000000000002 /* PlatformServices.swift in Sources */,
				D20000000000000000000003 /* PrayerDomain.swift in Sources */,
				FB0000000000000000000010 /* CharityDomain.swift in Sources */,
				FB0000000000000000000011 /* TasbihDomain.swift in Sources */,
				FB0000000000000000000012 /* TrackerInsights.swift in Sources */,
				D20000000000000000000004 /* PrayerData.swift in Sources */,
				D20000000000000000000005 /* Persistence.swift in Sources */,
				D20000000000000000000006 /* SalahTheme.swift in Sources */,
				FB0000000000000000000002 /* SharedComponents.swift in Sources */,
				FB0000000000000000000003 /* LocationEducationView.swift in Sources */,
				FB0000000000000000000004 /* DistrictPickerView.swift in Sources */,
				FB0000000000000000000005 /* CurrentLocationSettingsSheet.swift in Sources */,
				D20000000000000000000007 /* AppShell.swift in Sources */,
				FB0000000000000000000001 /* OnboardingFlow.swift in Sources */,
				0CEE636C301BCC49000F3FF9 /* DebugDrawerView.swift in Sources */,
				D20000000000000000000008 /* TodayView.swift in Sources */,
				FB0000000000000000000006 /* TodayComponents.swift in Sources */,
				FB0000000000000000000007 /* PrayerCalendarView.swift in Sources */,
				D20000000000000000000009 /* TrackerView.swift in Sources */,
				FB0000000000000000000008 /* TrackerRows.swift in Sources */,
				D20000000000000000000012 /* InsightsView.swift in Sources */,
				D20000000000000000000013 /* QiblaView.swift in Sources */,
				D20000000000000000000016 /* TasbihViews.swift in Sources */,
				D20000000000000000000014 /* CharityHistoryView.swift in Sources */,
				D2000000000000000000000A /* MoreView.swift in Sources */,
				FB0000000000000000000009 /* MoreSupport.swift in Sources */,
				FB000000000000000000000A /* LanguageSettingsView.swift in Sources */,
				FB000000000000000000000B /* RemindersView.swift in Sources */,
				D20000000000000000000011 /* PrayerReminderSettingsView.swift in Sources */,
				FB0000000000000000000013 /* LocationView.swift in Sources */,
				FB0000000000000000000014 /* CalculationView.swift in Sources */,
				FB000000000000000000000D /* AppearanceView.swift in Sources */,
				FB000000000000000000000E /* PrivacyView.swift in Sources */,
				FB000000000000000000000F /* AboutView.swift in Sources */,
				D2000000000000000000000E /* WidgetSharedData.swift in Sources */,
				D2000000000000000000000F /* WidgetDataPublisher.swift in Sources */,
			);
			runOnlyForDeploymentPostprocessing = 0;
		};
		DB0000000000000000000001 /* Sources */ = {
			isa = PBXSourcesBuildPhase;
			buildActionMask = 2147483647;
			files = (
				D50000000000000000000001 /* SalahDomainTests.swift in Sources */,
			);
			runOnlyForDeploymentPostprocessing = 0;
		};
		DB0000000000000000000002 /* Sources */ = {
			isa = PBXSourcesBuildPhase;
			buildActionMask = 2147483647;
			files = (
				D50000000000000000000002 /* SalahUITests.swift in Sources */,
			);
			runOnlyForDeploymentPostprocessing = 0;
		};
/* End PBXSourcesBuildPhase section */

/* Begin PBXTargetDependency section */
		0C7044C03017C6BA00277BD4 /* PBXTargetDependency */ = {
			isa = PBXTargetDependency;
			target = 0C7044AA3017C6B800277BD4 /* SalahWidgetsExtension */;
			targetProxy = 0C7044BF3017C6BA00277BD4 /* PBXContainerItemProxy */;
		};
		DD0000000000000000000001 /* PBXTargetDependency */ = {
			isa = PBXTargetDependency;
			target = 5AA6AB522B81E90900E2A7DB /* Salah */;
			targetProxy = D60000000000000000000001 /* PBXContainerItemProxy */;
		};
		DD0000000000000000000002 /* PBXTargetDependency */ = {
			isa = PBXTargetDependency;
			target = 5AA6AB522B81E90900E2A7DB /* Salah */;
			targetProxy = D60000000000000000000002 /* PBXContainerItemProxy */;
		};
/* End PBXTargetDependency section */

/* Begin XCBuildConfiguration section */
		0C7044C33017C6BA00277BD4 /* Debug */ = {
			isa = XCBuildConfiguration;
			buildSettings = {
				ASSETCATALOG_COMPILER_GLOBAL_ACCENT_COLOR_NAME = AccentColor;
				ASSETCATALOG_COMPILER_WIDGET_BACKGROUND_COLOR_NAME = WidgetBackground;
				CODE_SIGN_ENTITLEMENTS = SalahWidgetsExtension.entitlements;
				CODE_SIGN_STYLE = Automatic;
				CURRENT_PROJECT_VERSION = 1;
				DEVELOPMENT_TEAM = MSD82B6S3K;
				GENERATE_INFOPLIST_FILE = YES;
				INFOPLIST_FILE = SalahWidgets/Info.plist;
				INFOPLIST_KEY_CFBundleDisplayName = SalahWidgets;
				INFOPLIST_KEY_NSHumanReadableCopyright = "";
				IPHONEOS_DEPLOYMENT_TARGET = 17.6;
				LD_RUNPATH_SEARCH_PATHS = (
					"$(inherited)",
					"@executable_path/Frameworks",
					"@executable_path/../../Frameworks",
				);
				MARKETING_VERSION = 1.0;
				PRODUCT_BUNDLE_IDENTIFIER = com.prayer.salah.widgets;
				PRODUCT_NAME = "$(TARGET_NAME)";
				SKIP_INSTALL = YES;
				STRING_CATALOG_GENERATE_SYMBOLS = YES;
				SWIFT_APPROACHABLE_CONCURRENCY = YES;
				SWIFT_EMIT_LOC_STRINGS = YES;
				SWIFT_UPCOMING_FEATURE_MEMBER_IMPORT_VISIBILITY = YES;
				SWIFT_VERSION = 5.0;
				TARGETED_DEVICE_FAMILY = "1,2";
			};
			name = Debug;
		};
		0C7044C43017C6BA00277BD4 /* Release */ = {
			isa = XCBuildConfiguration;
			buildSettings = {
				ASSETCATALOG_COMPILER_GLOBAL_ACCENT_COLOR_NAME = AccentColor;
				ASSETCATALOG_COMPILER_WIDGET_BACKGROUND_COLOR_NAME = WidgetBackground;
				CODE_SIGN_ENTITLEMENTS = SalahWidgetsExtension.entitlements;
				CODE_SIGN_STYLE = Automatic;
				CURRENT_PROJECT_VERSION = 1;
				DEVELOPMENT_TEAM = MSD82B6S3K;
				GENERATE_INFOPLIST_FILE = YES;
				INFOPLIST_FILE = SalahWidgets/Info.plist;
				INFOPLIST_KEY_CFBundleDisplayName = SalahWidgets;
				INFOPLIST_KEY_NSHumanReadableCopyright = "";
				IPHONEOS_DEPLOYMENT_TARGET = 17.6;
				LD_RUNPATH_SEARCH_PATHS = (
					"$(inherited)",
					"@executable_path/Frameworks",
					"@executable_path/../../Frameworks",
				);
				MARKETING_VERSION = 1.0;
				PRODUCT_BUNDLE_IDENTIFIER = com.prayer.salah.widgets;
				PRODUCT_NAME = "$(TARGET_NAME)";
				SKIP_INSTALL = YES;
				STRING_CATALOG_GENERATE_SYMBOLS = YES;
				SWIFT_APPROACHABLE_CONCURRENCY = YES;
				SWIFT_EMIT_LOC_STRINGS = YES;
				SWIFT_UPCOMING_FEATURE_MEMBER_IMPORT_VISIBILITY = YES;
				SWIFT_VERSION = 5.0;
				TARGETED_DEVICE_FAMILY = "1,2";
			};
			name = Release;
		};
		5AA6AB5F2B81E90A00E2A7DB /* Debug */ = {
			isa = XCBuildConfiguration;
			buildSettings = {
				ALWAYS_SEARCH_USER_PATHS = NO;
				ASSETCATALOG_COMPILER_GENERATE_SWIFT_ASSET_SYMBOL_EXTENSIONS = YES;
				CLANG_ANALYZER_NONNULL = YES;
				CLANG_ANALYZER_NUMBER_OBJECT_CONVERSION = YES_AGGRESSIVE;
				CLANG_CXX_LANGUAGE_STANDARD = "gnu++20";
				CLANG_ENABLE_MODULES = YES;
				CLANG_ENABLE_OBJC_ARC = YES;
				CLANG_ENABLE_OBJC_WEAK = YES;
				CLANG_WARN_BLOCK_CAPTURE_AUTORELEASING = YES;
				CLANG_WARN_BOOL_CONVERSION = YES;
				CLANG_WARN_COMMA = YES;
				CLANG_WARN_CONSTANT_CONVERSION = YES;
				CLANG_WARN_DEPRECATED_OBJC_IMPLEMENTATIONS = YES;
				CLANG_WARN_DIRECT_OBJC_ISA_USAGE = YES_ERROR;
				CLANG_WARN_DOCUMENTATION_COMMENTS = YES;
				CLANG_WARN_EMPTY_BODY = YES;
				CLANG_WARN_ENUM_CONVERSION = YES;
				CLANG_WARN_INFINITE_RECURSION = YES;
				CLANG_WARN_INT_CONVERSION = YES;
				CLANG_WARN_NON_LITERAL_NULL_CONVERSION = YES;
				CLANG_WARN_OBJC_IMPLICIT_RETAIN_SELF = YES;
				CLANG_WARN_OBJC_LITERAL_CONVERSION = YES;
				CLANG_WARN_OBJC_ROOT_CLASS = YES_ERROR;
				CLANG_WARN_QUOTED_INCLUDE_IN_FRAMEWORK_HEADER = YES;
				CLANG_WARN_RANGE_LOOP_ANALYSIS = YES;
				CLANG_WARN_STRICT_PROTOTYPES = YES;
				CLANG_WARN_SUSPICIOUS_MOVE = YES;
				CLANG_WARN_UNGUARDED_AVAILABILITY = YES_AGGRESSIVE;
				CLANG_WARN_UNREACHABLE_CODE = YES;
				CLANG_WARN__DUPLICATE_METHOD_MATCH = YES;
				COPY_PHASE_STRIP = NO;
				DEBUG_INFORMATION_FORMAT = dwarf;
				ENABLE_STRICT_OBJC_MSGSEND = YES;
				ENABLE_TESTABILITY = YES;
				ENABLE_USER_SCRIPT_SANDBOXING = YES;
				GCC_C_LANGUAGE_STANDARD = gnu17;
				GCC_DYNAMIC_NO_PIC = NO;
				GCC_NO_COMMON_BLOCKS = YES;
				GCC_OPTIMIZATION_LEVEL = 0;
				GCC_PREPROCESSOR_DEFINITIONS = (
					"DEBUG=1",
					"$(inherited)",
				);
				GCC_WARN_64_TO_32_BIT_CONVERSION = YES;
				GCC_WARN_ABOUT_RETURN_TYPE = YES_ERROR;
				GCC_WARN_UNDECLARED_SELECTOR = YES;
				GCC_WARN_UNINITIALIZED_AUTOS = YES_AGGRESSIVE;
				GCC_WARN_UNUSED_FUNCTION = YES;
				GCC_WARN_UNUSED_VARIABLE = YES;
				IPHONEOS_DEPLOYMENT_TARGET = 17.0;
				LOCALIZATION_PREFERS_STRING_CATALOGS = YES;
				MTL_ENABLE_DEBUG_INFO = INCLUDE_SOURCE;
				MTL_FAST_MATH = YES;
				ONLY_ACTIVE_ARCH = YES;
				SDKROOT = iphoneos;
				SWIFT_ACTIVE_COMPILATION_CONDITIONS = "DEBUG $(inherited)";
				SWIFT_OPTIMIZATION_LEVEL = "-Onone";
			};
			name = Debug;
		};
		5AA6AB602B81E90A00E2A7DB /* Release */ = {
			isa = XCBuildConfiguration;
			buildSettings = {
				ALWAYS_SEARCH_USER_PATHS = NO;
				ASSETCATALOG_COMPILER_GENERATE_SWIFT_ASSET_SYMBOL_EXTENSIONS = YES;
				CLANG_ANALYZER_NONNULL = YES;
				CLANG_ANALYZER_NUMBER_OBJECT_CONVERSION = YES_AGGRESSIVE;
				CLANG_CXX_LANGUAGE_STANDARD = "gnu++20";
				CLANG_ENABLE_MODULES = YES;
				CLANG_ENABLE_OBJC_ARC = YES;
				CLANG_ENABLE_OBJC_WEAK = YES;
				CLANG_WARN_BLOCK_CAPTURE_AUTORELEASING = YES;
				CLANG_WARN_BOOL_CONVERSION = YES;
				CLANG_WARN_COMMA = YES;
				CLANG_WARN_CONSTANT_CONVERSION = YES;
				CLANG_WARN_DEPRECATED_OBJC_IMPLEMENTATIONS = YES;
				CLANG_WARN_DIRECT_OBJC_ISA_USAGE = YES_ERROR;
				CLANG_WARN_DOCUMENTATION_COMMENTS = YES;
				CLANG_WARN_EMPTY_BODY = YES;
				CLANG_WARN_ENUM_CONVERSION = YES;
				CLANG_WARN_INFINITE_RECURSION = YES;
				CLANG_WARN_INT_CONVERSION = YES;
				CLANG_WARN_NON_LITERAL_NULL_CONVERSION = YES;
				CLANG_WARN_OBJC_IMPLICIT_RETAIN_SELF = YES;
				CLANG_WARN_OBJC_LITERAL_CONVERSION = YES;
				CLANG_WARN_OBJC_ROOT_CLASS = YES_ERROR;
				CLANG_WARN_QUOTED_INCLUDE_IN_FRAMEWORK_HEADER = YES;
				CLANG_WARN_RANGE_LOOP_ANALYSIS = YES;
				CLANG_WARN_STRICT_PROTOTYPES = YES;
				CLANG_WARN_SUSPICIOUS_MOVE = YES;
				CLANG_WARN_UNGUARDED_AVAILABILITY = YES_AGGRESSIVE;
				CLANG_WARN_UNREACHABLE_CODE = YES;
				CLANG_WARN__DUPLICATE_METHOD_MATCH = YES;
				COPY_PHASE_STRIP = NO;
				DEBUG_INFORMATION_FORMAT = "dwarf-with-dsym";
				ENABLE_NS_ASSERTIONS = NO;
				ENABLE_STRICT_OBJC_MSGSEND = YES;
				ENABLE_USER_SCRIPT_SANDBOXING = YES;
				GCC_C_LANGUAGE_STANDARD = gnu17;
				GCC_NO_COMMON_BLOCKS = YES;
				GCC_WARN_64_TO_32_BIT_CONVERSION = YES;
				GCC_WARN_ABOUT_RETURN_TYPE = YES_ERROR;
				GCC_WARN_UNDECLARED_SELECTOR = YES;
				GCC_WARN_UNINITIALIZED_AUTOS = YES_AGGRESSIVE;
				GCC_WARN_UNUSED_FUNCTION = YES;
				GCC_WARN_UNUSED_VARIABLE = YES;
				IPHONEOS_DEPLOYMENT_TARGET = 17.0;
				LOCALIZATION_PREFERS_STRING_CATALOGS = YES;
				MTL_ENABLE_DEBUG_INFO = NO;
				MTL_FAST_MATH = YES;
				SDKROOT = iphoneos;
				SWIFT_COMPILATION_MODE = wholemodule;
				VALIDATE_PRODUCT = YES;
			};
			name = Release;
		};
		5AA6AB622B81E90A00E2A7DB /* Debug */ = {
			isa = XCBuildConfiguration;
			buildSettings = {
				ASSETCATALOG_COMPILER_APPICON_NAME = AppIcon;
				ASSETCATALOG_COMPILER_GLOBAL_ACCENT_COLOR_NAME = AccentColor;
				CODE_SIGN_ENTITLEMENTS = Salah/Salah.entitlements;
				CODE_SIGN_STYLE = Automatic;
				CURRENT_PROJECT_VERSION = 1;
				DEVELOPMENT_TEAM = MSD82B6S3K;
				ENABLE_PREVIEWS = YES;
				ENABLE_USER_SCRIPT_SANDBOXING = NO;
				GENERATE_INFOPLIST_FILE = YES;
				INFOPLIST_KEY_NSLocationWhenInUseUsageDescription = "Salah uses your approximate location while the app is open to calculate prayer times on this device.";
				INFOPLIST_KEY_UIApplicationSceneManifest_Generation = YES;
				INFOPLIST_KEY_UIApplicationSupportsIndirectInputEvents = YES;
				INFOPLIST_KEY_UILaunchScreen_Generation = YES;
				INFOPLIST_KEY_UISupportedInterfaceOrientations = UIInterfaceOrientationPortrait;
				INFOPLIST_KEY_UISupportedInterfaceOrientations_iPad = "UIInterfaceOrientationPortrait UIInterfaceOrientationPortraitUpsideDown UIInterfaceOrientationLandscapeLeft UIInterfaceOrientationLandscapeRight";
				IPHONEOS_DEPLOYMENT_TARGET = 17.0;
				LD_RUNPATH_SEARCH_PATHS = (
					"$(inherited)",
					"@executable_path/Frameworks",
				);
				MARKETING_VERSION = 1.0;
				PRODUCT_BUNDLE_IDENTIFIER = com.prayer.salah;
				PRODUCT_NAME = "$(TARGET_NAME)";
				SUPPORTED_PLATFORMS = "iphoneos iphonesimulator";
				SUPPORTS_MACCATALYST = NO;
				SWIFT_EMIT_LOC_STRINGS = YES;
				SWIFT_VERSION = 5.0;
				TARGETED_DEVICE_FAMILY = "1,2";
			};
			name = Debug;
		};
		5AA6AB632B81E90A00E2A7DB /* Release */ = {
			isa = XCBuildConfiguration;
			buildSettings = {
				ASSETCATALOG_COMPILER_APPICON_NAME = AppIcon;
				ASSETCATALOG_COMPILER_GLOBAL_ACCENT_COLOR_NAME = AccentColor;
				CODE_SIGN_ENTITLEMENTS = Salah/Salah.entitlements;
				CODE_SIGN_STYLE = Automatic;
				CURRENT_PROJECT_VERSION = 1;
				DEVELOPMENT_TEAM = MSD82B6S3K;
				ENABLE_PREVIEWS = YES;
				ENABLE_USER_SCRIPT_SANDBOXING = NO;
				GENERATE_INFOPLIST_FILE = YES;
				INFOPLIST_KEY_NSLocationWhenInUseUsageDescription = "Salah uses your approximate location while the app is open to calculate prayer times on this device.";
				INFOPLIST_KEY_UIApplicationSceneManifest_Generation = YES;
				INFOPLIST_KEY_UIApplicationSupportsIndirectInputEvents = YES;
				INFOPLIST_KEY_UILaunchScreen_Generation = YES;
				INFOPLIST_KEY_UISupportedInterfaceOrientations = UIInterfaceOrientationPortrait;
				INFOPLIST_KEY_UISupportedInterfaceOrientations_iPad = "UIInterfaceOrientationPortrait UIInterfaceOrientationPortraitUpsideDown UIInterfaceOrientationLandscapeLeft UIInterfaceOrientationLandscapeRight";
				IPHONEOS_DEPLOYMENT_TARGET = 17.0;
				LD_RUNPATH_SEARCH_PATHS = (
					"$(inherited)",
					"@executable_path/Frameworks",
				);
				MARKETING_VERSION = 1.0;
				PRODUCT_BUNDLE_IDENTIFIER = com.prayer.salah;
				PRODUCT_NAME = "$(TARGET_NAME)";
				SUPPORTED_PLATFORMS = "iphoneos iphonesimulator";
				SUPPORTS_MACCATALYST = NO;
				SWIFT_EMIT_LOC_STRINGS = YES;
				SWIFT_VERSION = 5.0;
				TARGETED_DEVICE_FAMILY = "1,2";
			};
			name = Release;
		};
		DE0000000000000000000001 /* Debug */ = {
			isa = XCBuildConfiguration;
			buildSettings = {
				BUNDLE_LOADER = "$(TEST_HOST)";
				CODE_SIGN_STYLE = Automatic;
				DEVELOPMENT_TEAM = MSD82B6S3K;
				GENERATE_INFOPLIST_FILE = YES;
				IPHONEOS_DEPLOYMENT_TARGET = 17.0;
				PRODUCT_BUNDLE_IDENTIFIER = com.prayer.salah.tests;
				PRODUCT_NAME = "$(TARGET_NAME)";
				SWIFT_VERSION = 5.0;
				TARGETED_DEVICE_FAMILY = 1;
				TEST_HOST = "$(BUILT_PRODUCTS_DIR)/Salah.app/$(BUNDLE_EXECUTABLE_FOLDER_PATH)/Salah";
			};
			name = Debug;
		};
		DE0000000000000000000002 /* Release */ = {
			isa = XCBuildConfiguration;
			buildSettings = {
				BUNDLE_LOADER = "$(TEST_HOST)";
				CODE_SIGN_STYLE = Automatic;
				DEVELOPMENT_TEAM = MSD82B6S3K;
				GENERATE_INFOPLIST_FILE = YES;
				IPHONEOS_DEPLOYMENT_TARGET = 17.0;
				PRODUCT_BUNDLE_IDENTIFIER = com.prayer.salah.tests;
				PRODUCT_NAME = "$(TARGET_NAME)";
				SWIFT_VERSION = 5.0;
				TARGETED_DEVICE_FAMILY = 1;
				TEST_HOST = "$(BUILT_PRODUCTS_DIR)/Salah.app/$(BUNDLE_EXECUTABLE_FOLDER_PATH)/Salah";
			};
			name = Release;
		};
		DE0000000000000000000003 /* Debug */ = {
			isa = XCBuildConfiguration;
			buildSettings = {
				CODE_SIGN_STYLE = Automatic;
				DEVELOPMENT_TEAM = MSD82B6S3K;
				GENERATE_INFOPLIST_FILE = YES;
				IPHONEOS_DEPLOYMENT_TARGET = 17.0;
				PRODUCT_BUNDLE_IDENTIFIER = com.prayer.salah.uitests;
				PRODUCT_NAME = "$(TARGET_NAME)";
				SWIFT_VERSION = 5.0;
				TARGETED_DEVICE_FAMILY = 1;
				TEST_TARGET_NAME = Salah;
			};
			name = Debug;
		};
		DE0000000000000000000004 /* Release */ = {
			isa = XCBuildConfiguration;
			buildSettings = {
				CODE_SIGN_STYLE = Automatic;
				DEVELOPMENT_TEAM = MSD82B6S3K;
				GENERATE_INFOPLIST_FILE = YES;
				IPHONEOS_DEPLOYMENT_TARGET = 17.0;
				PRODUCT_BUNDLE_IDENTIFIER = com.prayer.salah.uitests;
				PRODUCT_NAME = "$(TARGET_NAME)";
				SWIFT_VERSION = 5.0;
				TARGETED_DEVICE_FAMILY = 1;
				TEST_TARGET_NAME = Salah;
			};
			name = Release;
		};
/* End XCBuildConfiguration section */

/* Begin XCConfigurationList section */
		0C7044C63017C6BA00277BD4 /* Build configuration list for PBXNativeTarget "SalahWidgetsExtension" */ = {
			isa = XCConfigurationList;
			buildConfigurations = (
				0C7044C33017C6BA00277BD4 /* Debug */,
				0C7044C43017C6BA00277BD4 /* Release */,
			);
			defaultConfigurationIsVisible = 0;
			defaultConfigurationName = Release;
		};
		5AA6AB4E2B81E90900E2A7DB /* Build configuration list for PBXProject "Salah" */ = {
			isa = XCConfigurationList;
			buildConfigurations = (
				5AA6AB5F2B81E90A00E2A7DB /* Debug */,
				5AA6AB602B81E90A00E2A7DB /* Release */,
			);
			defaultConfigurationIsVisible = 0;
			defaultConfigurationName = Release;
		};
		5AA6AB612B81E90A00E2A7DB /* Build configuration list for PBXNativeTarget "Salah" */ = {
			isa = XCConfigurationList;
			buildConfigurations = (
				5AA6AB622B81E90A00E2A7DB /* Debug */,
				5AA6AB632B81E90A00E2A7DB /* Release */,
			);
			defaultConfigurationIsVisible = 0;
			defaultConfigurationName = Release;
		};
		DA0000000000000000000001 /* Build configuration list for PBXNativeTarget "SalahTests" */ = {
			isa = XCConfigurationList;
			buildConfigurations = (
				DE0000000000000000000001 /* Debug */,
				DE0000000000000000000002 /* Release */,
			);
			defaultConfigurationIsVisible = 0;
			defaultConfigurationName = Release;
		};
		DA0000000000000000000002 /* Build configuration list for PBXNativeTarget "SalahUITests" */ = {
			isa = XCConfigurationList;
			buildConfigurations = (
				DE0000000000000000000003 /* Debug */,
				DE0000000000000000000004 /* Release */,
			);
			defaultConfigurationIsVisible = 0;
			defaultConfigurationName = Release;
		};
/* End XCConfigurationList section */

/* Begin XCRemoteSwiftPackageReference section */
		E20000000000000000000001 /* XCRemoteSwiftPackageReference "adhan-swift" */ = {
			isa = XCRemoteSwiftPackageReference;
			repositoryURL = "https://github.com/batoulapps/adhan-swift.git";
			requirement = {
				kind = upToNextMajorVersion;
				minimumVersion = 1.5.0;
			};
		};
/* End XCRemoteSwiftPackageReference section */

/* Begin XCSwiftPackageProductDependency section */
		E30000000000000000000001 /* Adhan */ = {
			isa = XCSwiftPackageProductDependency;
			package = E20000000000000000000001 /* XCRemoteSwiftPackageReference "adhan-swift" */;
			productName = Adhan;
		};
/* End XCSwiftPackageProductDependency section */
	};
	rootObject = 5AA6AB4B2B81E90900E2A7DB /* Project object */;
}
