// !$*UTF8*$!
{
	archiveVersion = 1;
	classes = {
	};
	objectVersion = 56;
	objects = {

/* Begin PBXBuildFile section */
		5A78F9C02B8645B8009FE4DA /* APIResponseModel.swift in Sources */ = {isa = PBXBuildFile; fileRef = 5A78F9BF2B8645B8009FE4DA /* APIResponseModel.swift */; };
		5A78F9C22B8654B2009FE4DA /* Test.json in Resources */ = {isa = PBXBuildFile; fileRef = 5A78F9C12B8654B2009FE4DA /* Test.json */; };
		5A843FAE2B88A9F0000660EC /* TabBarView.swift in Sources */ = {isa = PBXBuildFile; fileRef = 5A843FAD2B88A9F0000660EC /* TabBarView.swift */; };
		5A843FB02B88AA8B000660EC /* TabBarModel.swift in Sources */ = {isa = PBXBuildFile; fileRef = 5A843FAF2B88AA8B000660EC /* TabBarModel.swift */; };
		5A843FB22B88B701000660EC /* TimingsView.swift in Sources */ = {isa = PBXBuildFile; fileRef = 5A843FB12B88B701000660EC /* TimingsView.swift */; };
		5A8CDC562B89DE0800AD0A95 /* SalahView.swift in Sources */ = {isa = PBXBuildFile; fileRef = 5A8CDC552B89DE0800AD0A95 /* SalahView.swift */; };
		5A8CDC592B8A06F300AD0A95 /* TimingsViewModel.swift in Sources */ = {isa = PBXBuildFile; fileRef = 5A8CDC582B8A06F300AD0A95 /* TimingsViewModel.swift */; };
		5A8F54872B87638700ED1BFC /* SalahAPIManager.swift in Sources */ = {isa = PBXBuildFile; fileRef = 5A8F54862B87638700ED1BFC /* SalahAPIManager.swift */; };
		5A8F54892B87696500ED1BFC /* districts.json in Resources */ = {isa = PBXBuildFile; fileRef = 5A8F54882B87696500ED1BFC /* districts.json */; };
		5A8F548B2B877F5400ED1BFC /* Settings.swift in Sources */ = {isa = PBXBuildFile; fileRef = 5A8F548A2B877F5400ED1BFC /* Settings.swift */; };
		5A8F548D2B878D3000ED1BFC /* Date+Extension.swift in Sources */ = {isa = PBXBuildFile; fileRef = 5A8F548C2B878D3000ED1BFC /* Date+Extension.swift */; };
		5AA6AB572B81E90900E2A7DB /* SalahApp.swift in Sources */ = {isa = PBXBuildFile; fileRef = 5AA6AB562B81E90900E2A7DB /* SalahApp.swift */; };
		5AA6AB5B2B81E90A00E2A7DB /* Assets.xcassets in Resources */ = {isa = PBXBuildFile; fileRef = 5AA6AB5A2B81E90A00E2A7DB /* Assets.xcassets */; };
		5AA6AB5E2B81E90A00E2A7DB /* Preview Assets.xcassets in Resources */ = {isa = PBXBuildFile; fileRef = 5AA6AB5D2B81E90A00E2A7DB /* Preview Assets.xcassets */; };
		5AA6AB662B81EA4700E2A7DB /* Salah.swift in Sources */ = {isa = PBXBuildFile; fileRef = 5AA6AB652B81EA4700E2A7DB /* Salah.swift */; };
		5AA6AB6A2B81FC0F00E2A7DB /* String+Extension.swift in Sources */ = {isa = PBXBuildFile; fileRef = 5AA6AB692B81FC0F00E2A7DB /* String+Extension.swift */; };
/* End PBXBuildFile section */

/* Begin PBXFileReference section */
		5A78F9BF2B8645B8009FE4DA /* APIResponseModel.swift */ = {isa = PBXFileReference; lastKnownFileType = sourcecode.swift; path = APIResponseModel.swift; sourceTree = "<group>"; };
		5A78F9C12B8654B2009FE4DA /* Test.json */ = {isa = PBXFileReference; fileEncoding = 4; lastKnownFileType = text.json; path = Test.json; sourceTree = "<group>"; };
		5A843FAD2B88A9F0000660EC /* TabBarView.swift */ = {isa = PBXFileReference; lastKnownFileType = sourcecode.swift; path = TabBarView.swift; sourceTree = "<group>"; };
		5A843FAF2B88AA8B000660EC /* TabBarModel.swift */ = {isa = PBXFileReference; lastKnownFileType = sourcecode.swift; path = TabBarModel.swift; sourceTree = "<group>"; };
		5A843FB12B88B701000660EC /* TimingsView.swift */ = {isa = PBXFileReference; lastKnownFileType = sourcecode.swift; path = TimingsView.swift; sourceTree = "<group>"; };
		5A8CDC552B89DE0800AD0A95 /* SalahView.swift */ = {isa = PBXFileReference; lastKnownFileType = sourcecode.swift; path = SalahView.swift; sourceTree = "<group>"; };
		5A8CDC582B8A06F300AD0A95 /* TimingsViewModel.swift */ = {isa = PBXFileReference; lastKnownFileType = sourcecode.swift; path = TimingsViewModel.swift; sourceTree = "<group>"; };
		5A8F54862B87638700ED1BFC /* SalahAPIManager.swift */ = {isa = PBXFileReference; lastKnownFileType = sourcecode.swift; path = SalahAPIManager.swift; sourceTree = "<group>"; };
		5A8F54882B87696500ED1BFC /* districts.json */ = {isa = PBXFileReference; fileEncoding = 4; lastKnownFileType = text.json; path = districts.json; sourceTree = "<group>"; };
		5A8F548A2B877F5400ED1BFC /* Settings.swift */ = {isa = PBXFileReference; lastKnownFileType = sourcecode.swift; path = Settings.swift; sourceTree = "<group>"; };
		5A8F548C2B878D3000ED1BFC /* Date+Extension.swift */ = {isa = PBXFileReference; lastKnownFileType = sourcecode.swift; path = "Date+Extension.swift"; sourceTree = "<group>"; };
		5AA6AB532B81E90900E2A7DB /* Salah.app */ = {isa = PBXFileReference; explicitFileType = wrapper.application; includeInIndex = 0; path = Salah.app; sourceTree = BUILT_PRODUCTS_DIR; };
		5AA6AB562B81E90900E2A7DB /* SalahApp.swift */ = {isa = PBXFileReference; lastKnownFileType = sourcecode.swift; path = SalahApp.swift; sourceTree = "<group>"; };
		5AA6AB5A2B81E90A00E2A7DB /* Assets.xcassets */ = {isa = PBXFileReference; lastKnownFileType = folder.assetcatalog; path = Assets.xcassets; sourceTree = "<group>"; };
		5AA6AB5D2B81E90A00E2A7DB /* Preview Assets.xcassets */ = {isa = PBXFileReference; lastKnownFileType = folder.assetcatalog; path = "Preview Assets.xcassets"; sourceTree = "<group>"; };
		5AA6AB652B81EA4700E2A7DB /* Salah.swift */ = {isa = PBXFileReference; lastKnownFileType = sourcecode.swift; path = Salah.swift; sourceTree = "<group>"; };
		5AA6AB692B81FC0F00E2A7DB /* String+Extension.swift */ = {isa = PBXFileReference; lastKnownFileType = sourcecode.swift; path = "String+Extension.swift"; sourceTree = "<group>"; };
/* End PBXFileReference section */

/* Begin PBXFrameworksBuildPhase section */
		5AA6AB502B81E90900E2A7DB /* Frameworks */ = {
			isa = PBXFrameworksBuildPhase;
			buildActionMask = 2147483647;
			files = (
			);
			runOnlyForDeploymentPostprocessing = 0;
		};
/* End PBXFrameworksBuildPhase section */

/* Begin PBXGroup section */
		5A843FAB2B88A96E000660EC /* View */ = {
			isa = PBXGroup;
			children = (
				5A8CDC572B8A06A900AD0A95 /* TabBarView */,
				5A8CDC542B89DDE500AD0A95 /* TimingView */,
			);
			path = View;
			sourceTree = "<group>";
		};
		5A843FAC2B88A976000660EC /* ViewModel */ = {
			isa = PBXGroup;
			children = (
				5A8CDC582B8A06F300AD0A95 /* TimingsViewModel.swift */,
			);
			path = ViewModel;
			sourceTree = "<group>";
		};
		5A8CDC542B89DDE500AD0A95 /* TimingView */ = {
			isa = PBXGroup;
			children = (
				5A843FB12B88B701000660EC /* TimingsView.swift */,
				5A8CDC552B89DE0800AD0A95 /* SalahView.swift */,
			);
			path = TimingView;
			sourceTree = "<group>";
		};
		5A8CDC572B8A06A900AD0A95 /* TabBarView */ = {
			isa = PBXGroup;
			children = (
				5A843FAD2B88A9F0000660EC /* TabBarView.swift */,
			);
			path = TabBarView;
			sourceTree = "<group>";
		};
		5A8F54852B87637000ED1BFC /* Networking */ = {
			isa = PBXGroup;
			children = (
				5A8F54862B87638700ED1BFC /* SalahAPIManager.swift */,
			);
			name = Networking;
			sourceTree = "<group>";
		};
		5AA6AB4A2B81E90900E2A7DB = {
			isa = PBXGroup;
			children = (
				5AA6AB552B81E90900E2A7DB /* Salah */,
				5AA6AB542B81E90900E2A7DB /* Products */,
			);
			sourceTree = "<group>";
		};
		5AA6AB542B81E90900E2A7DB /* Products */ = {
			isa = PBXGroup;
			children = (
				5AA6AB532B81E90900E2A7DB /* Salah.app */,
			);
			name = Products;
			sourceTree = "<group>";
		};
		5AA6AB552B81E90900E2A7DB /* Salah */ = {
			isa = PBXGroup;
			children = (
				5AA6AB562B81E90900E2A7DB /* SalahApp.swift */,
				5AA6AB642B81EA2A00E2A7DB /* Model */,
				5A843FAB2B88A96E000660EC /* View */,
				5A843FAC2B88A976000660EC /* ViewModel */,
				5AA6AB672B81FBEB00E2A7DB /* Helpers */,
				5AA6AB5A2B81E90A00E2A7DB /* Assets.xcassets */,
				5AA6AB5C2B81E90A00E2A7DB /* Preview Content */,
			);
			path = Salah;
			sourceTree = "<group>";
		};
		5AA6AB5C2B81E90A00E2A7DB /* Preview Content */ = {
			isa = PBXGroup;
			children = (
				5AA6AB5D2B81E90A00E2A7DB /* Preview Assets.xcassets */,
			);
			path = "Preview Content";
			sourceTree = "<group>";
		};
		5AA6AB642B81EA2A00E2A7DB /* Model */ = {
			isa = PBXGroup;
			children = (
				5A8F548A2B877F5400ED1BFC /* Settings.swift */,
				5AA6AB652B81EA4700E2A7DB /* Salah.swift */,
				5A843FAF2B88AA8B000660EC /* TabBarModel.swift */,
				5A78F9BF2B8645B8009FE4DA /* APIResponseModel.swift */,
				5A8F54882B87696500ED1BFC /* districts.json */,
				5A78F9C12B8654B2009FE4DA /* Test.json */,
			);
			path = Model;
			sourceTree = "<group>";
		};
		5AA6AB672B81FBEB00E2A7DB /* Helpers */ = {
			isa = PBXGroup;
			children = (
				5A8F54852B87637000ED1BFC /* Networking */,
				5AA6AB682B81FBF300E2A7DB /* Extensions */,
			);
			path = Helpers;
			sourceTree = "<group>";
		};
		5AA6AB682B81FBF300E2A7DB /* Extensions */ = {
			isa = PBXGroup;
			children = (
				5AA6AB692B81FC0F00E2A7DB /* String+Extension.swift */,
				5A8F548C2B878D3000ED1BFC /* Date+Extension.swift */,
			);
			name = Extensions;
			sourceTree = "<group>";
		};
/* End PBXGroup section */

/* Begin PBXNativeTarget section */
		5AA6AB522B81E90900E2A7DB /* Salah */ = {
			isa = PBXNativeTarget;
			buildConfigurationList = 5AA6AB612B81E90A00E2A7DB /* Build configuration list for PBXNativeTarget "Salah" */;
			buildPhases = (
				5AA6AB4F2B81E90900E2A7DB /* Sources */,
				5AA6AB502B81E90900E2A7DB /* Frameworks */,
				5AA6AB512B81E90900E2A7DB /* Resources */,
			);
			buildRules = (
			);
			dependencies = (
			);
			name = Salah;
			productName = Salah;
			productReference = 5AA6AB532B81E90900E2A7DB /* Salah.app */;
			productType = "com.apple.product-type.application";
		};
/* End PBXNativeTarget section */

/* Begin PBXProject section */
		5AA6AB4B2B81E90900E2A7DB /* Project object */ = {
			isa = PBXProject;
			attributes = {
				BuildIndependentTargetsInParallel = 1;
				LastSwiftUpdateCheck = 1520;
				LastUpgradeCheck = 1520;
				TargetAttributes = {
					5AA6AB522B81E90900E2A7DB = {
						CreatedOnToolsVersion = 15.2;
					};
				};
			};
			buildConfigurationList = 5AA6AB4E2B81E90900E2A7DB /* Build configuration list for PBXProject "Salah" */;
			compatibilityVersion = "Xcode 14.0";
			developmentRegion = en;
			hasScannedForEncodings = 0;
			knownRegions = (
				en,
				Base,
			);
			mainGroup = 5AA6AB4A2B81E90900E2A7DB;
			productRefGroup = 5AA6AB542B81E90900E2A7DB /* Products */;
			projectDirPath = "";
			projectRoot = "";
			targets = (
				5AA6AB522B81E90900E2A7DB /* Salah */,
			);
		};
/* End PBXProject section */

/* Begin PBXResourcesBuildPhase section */
		5AA6AB512B81E90900E2A7DB /* Resources */ = {
			isa = PBXResourcesBuildPhase;
			buildActionMask = 2147483647;
			files = (
				5A78F9C22B8654B2009FE4DA /* Test.json in Resources */,
				5AA6AB5E2B81E90A00E2A7DB /* Preview Assets.xcassets in Resources */,
				5AA6AB5B2B81E90A00E2A7DB /* Assets.xcassets in Resources */,
				5A8F54892B87696500ED1BFC /* districts.json in Resources */,
			);
			runOnlyForDeploymentPostprocessing = 0;
		};
/* End PBXResourcesBuildPhase section */

/* Begin PBXSourcesBuildPhase section */
		5AA6AB4F2B81E90900E2A7DB /* Sources */ = {
			isa = PBXSourcesBuildPhase;
			buildActionMask = 2147483647;
			files = (
				5A843FB02B88AA8B000660EC /* TabBarModel.swift in Sources */,
				5AA6AB6A2B81FC0F00E2A7DB /* String+Extension.swift in Sources */,
				5AA6AB662B81EA4700E2A7DB /* Salah.swift in Sources */,
				5A843FAE2B88A9F0000660EC /* TabBarView.swift in Sources */,
				5A8CDC592B8A06F300AD0A95 /* TimingsViewModel.swift in Sources */,
				5A8F54872B87638700ED1BFC /* SalahAPIManager.swift in Sources */,
				5A8CDC562B89DE0800AD0A95 /* SalahView.swift in Sources */,
				5A8F548B2B877F5400ED1BFC /* Settings.swift in Sources */,
				5A8F548D2B878D3000ED1BFC /* Date+Extension.swift in Sources */,
				5A78F9C02B8645B8009FE4DA /* APIResponseModel.swift in Sources */,
				5A843FB22B88B701000660EC /* TimingsView.swift in Sources */,
				5AA6AB572B81E90900E2A7DB /* SalahApp.swift in Sources */,
			);
			runOnlyForDeploymentPostprocessing = 0;
		};
/* End PBXSourcesBuildPhase section */

/* Begin XCBuildConfiguration section */
		5AA6AB5F2B81E90A00E2A7DB /* Debug */ = {
			isa = XCBuildConfiguration;
			buildSettings = {
				ALWAYS_SEARCH_USER_PATHS = NO;
				ASSETCATALOG_COMPILER_GENERATE_SWIFT_ASSET_SYMBOL_EXTENSIONS = YES;
				CLANG_ANALYZER_NONNULL = YES;
				CLANG_ANALYZER_NUMBER_OBJECT_CONVERSION = YES_AGGRESSIVE;
				CLANG_CXX_LANGUAGE_STANDARD = "gnu++20";
				CLANG_ENABLE_MODULES = YES;
				CLANG_ENABLE_OBJC_ARC = YES;
				CLANG_ENABLE_OBJC_WEAK = YES;
				CLANG_WARN_BLOCK_CAPTURE_AUTORELEASING = YES;
				CLANG_WARN_BOOL_CONVERSION = YES;
				CLANG_WARN_COMMA = YES;
				CLANG_WARN_CONSTANT_CONVERSION = YES;
				CLANG_WARN_DEPRECATED_OBJC_IMPLEMENTATIONS = YES;
				CLANG_WARN_DIRECT_OBJC_ISA_USAGE = YES_ERROR;
				CLANG_WARN_DOCUMENTATION_COMMENTS = YES;
				CLANG_WARN_EMPTY_BODY = YES;
				CLANG_WARN_ENUM_CONVERSION = YES;
				CLANG_WARN_INFINITE_RECURSION = YES;
				CLANG_WARN_INT_CONVERSION = YES;
				CLANG_WARN_NON_LITERAL_NULL_CONVERSION = YES;
				CLANG_WARN_OBJC_IMPLICIT_RETAIN_SELF = YES;
				CLANG_WARN_OBJC_LITERAL_CONVERSION = YES;
				CLANG_WARN_OBJC_ROOT_CLASS = YES_ERROR;
				CLANG_WARN_QUOTED_INCLUDE_IN_FRAMEWORK_HEADER = YES;
				CLANG_WARN_RANGE_LOOP_ANALYSIS = YES;
				CLANG_WARN_STRICT_PROTOTYPES = YES;
				CLANG_WARN_SUSPICIOUS_MOVE = YES;
				CLANG_WARN_UNGUARDED_AVAILABILITY = YES_AGGRESSIVE;
				CLANG_WARN_UNREACHABLE_CODE = YES;
				CLANG_WARN__DUPLICATE_METHOD_MATCH = YES;
				COPY_PHASE_STRIP = NO;
				DEBUG_INFORMATION_FORMAT = dwarf;
				ENABLE_STRICT_OBJC_MSGSEND = YES;
				ENABLE_TESTABILITY = YES;
				ENABLE_USER_SCRIPT_SANDBOXING = YES;
				GCC_C_LANGUAGE_STANDARD = gnu17;
				GCC_DYNAMIC_NO_PIC = NO;
				GCC_NO_COMMON_BLOCKS = YES;
				GCC_OPTIMIZATION_LEVEL = 0;
				GCC_PREPROCESSOR_DEFINITIONS = (
					"DEBUG=1",
					"$(inherited)",
				);
				GCC_WARN_64_TO_32_BIT_CONVERSION = YES;
				GCC_WARN_ABOUT_RETURN_TYPE = YES_ERROR;
				GCC_WARN_UNDECLARED_SELECTOR = YES;
				GCC_WARN_UNINITIALIZED_AUTOS = YES_AGGRESSIVE;
				GCC_WARN_UNUSED_FUNCTION = YES;
				GCC_WARN_UNUSED_VARIABLE = YES;
				IPHONEOS_DEPLOYMENT_TARGET = 17.0;
				LOCALIZATION_PREFERS_STRING_CATALOGS = YES;
				MTL_ENABLE_DEBUG_INFO = INCLUDE_SOURCE;
				MTL_FAST_MATH = YES;
				ONLY_ACTIVE_ARCH = YES;
				SDKROOT = iphoneos;
				SWIFT_ACTIVE_COMPILATION_CONDITIONS = "DEBUG $(inherited)";
				SWIFT_OPTIMIZATION_LEVEL = "-Onone";
			};
			name = Debug;
		};
		5AA6AB602B81E90A00E2A7DB /* Release */ = {
			isa = XCBuildConfiguration;
			buildSettings = {
				ALWAYS_SEARCH_USER_PATHS = NO;
				ASSETCATALOG_COMPILER_GENERATE_SWIFT_ASSET_SYMBOL_EXTENSIONS = YES;
				CLANG_ANALYZER_NONNULL = YES;
				CLANG_ANALYZER_NUMBER_OBJECT_CONVERSION = YES_AGGRESSIVE;
				CLANG_CXX_LANGUAGE_STANDARD = "gnu++20";
				CLANG_ENABLE_MODULES = YES;
				CLANG_ENABLE_OBJC_ARC = YES;
				CLANG_ENABLE_OBJC_WEAK = YES;
				CLANG_WARN_BLOCK_CAPTURE_AUTORELEASING = YES;
				CLANG_WARN_BOOL_CONVERSION = YES;
				CLANG_WARN_COMMA = YES;
				CLANG_WARN_CONSTANT_CONVERSION = YES;
				CLANG_WARN_DEPRECATED_OBJC_IMPLEMENTATIONS = YES;
				CLANG_WARN_DIRECT_OBJC_ISA_USAGE = YES_ERROR;
				CLANG_WARN_DOCUMENTATION_COMMENTS = YES;
				CLANG_WARN_EMPTY_BODY = YES;
				CLANG_WARN_ENUM_CONVERSION = YES;
				CLANG_WARN_INFINITE_RECURSION = YES;
				CLANG_WARN_INT_CONVERSION = YES;
				CLANG_WARN_NON_LITERAL_NULL_CONVERSION = YES;
				CLANG_WARN_OBJC_IMPLICIT_RETAIN_SELF = YES;
				CLANG_WARN_OBJC_LITERAL_CONVERSION = YES;
				CLANG_WARN_OBJC_ROOT_CLASS = YES_ERROR;
				CLANG_WARN_QUOTED_INCLUDE_IN_FRAMEWORK_HEADER = YES;
				CLANG_WARN_RANGE_LOOP_ANALYSIS = YES;
				CLANG_WARN_STRICT_PROTOTYPES = YES;
				CLANG_WARN_SUSPICIOUS_MOVE = YES;
				CLANG_WARN_UNGUARDED_AVAILABILITY = YES_AGGRESSIVE;
				CLANG_WARN_UNREACHABLE_CODE = YES;
				CLANG_WARN__DUPLICATE_METHOD_MATCH = YES;
				COPY_PHASE_STRIP = NO;
				DEBUG_INFORMATION_FORMAT = "dwarf-with-dsym";
				ENABLE_NS_ASSERTIONS = NO;
				ENABLE_STRICT_OBJC_MSGSEND = YES;
				ENABLE_USER_SCRIPT_SANDBOXING = YES;
				GCC_C_LANGUAGE_STANDARD = gnu17;
				GCC_NO_COMMON_BLOCKS = YES;
				GCC_WARN_64_TO_32_BIT_CONVERSION = YES;
				GCC_WARN_ABOUT_RETURN_TYPE = YES_ERROR;
				GCC_WARN_UNDECLARED_SELECTOR = YES;
				GCC_WARN_UNINITIALIZED_AUTOS = YES_AGGRESSIVE;
				GCC_WARN_UNUSED_FUNCTION = YES;
				GCC_WARN_UNUSED_VARIABLE = YES;
				IPHONEOS_DEPLOYMENT_TARGET = 17.0;
				LOCALIZATION_PREFERS_STRING_CATALOGS = YES;
				MTL_ENABLE_DEBUG_INFO = NO;
				MTL_FAST_MATH = YES;
				SDKROOT = iphoneos;
				SWIFT_COMPILATION_MODE = wholemodule;
				VALIDATE_PRODUCT = YES;
			};
			name = Release;
		};
		5AA6AB622B81E90A00E2A7DB /* Debug */ = {
			isa = XCBuildConfiguration;
			buildSettings = {
				ASSETCATALOG_COMPILER_APPICON_NAME = AppIcon;
				ASSETCATALOG_COMPILER_GLOBAL_ACCENT_COLOR_NAME = AccentColor;
				CODE_SIGN_STYLE = Automatic;
				CURRENT_PROJECT_VERSION = 1;
				DEVELOPMENT_ASSET_PATHS = "\"Salah/Preview Content\"";
				DEVELOPMENT_TEAM = PXF7DUQPQ9;
				ENABLE_PREVIEWS = YES;
				GENERATE_INFOPLIST_FILE = YES;
				INFOPLIST_KEY_UIApplicationSceneManifest_Generation = YES;
				INFOPLIST_KEY_UIApplicationSupportsIndirectInputEvents = YES;
				INFOPLIST_KEY_UILaunchScreen_Generation = YES;
				INFOPLIST_KEY_UISupportedInterfaceOrientations = "UIInterfaceOrientationLandscapeLeft UIInterfaceOrientationLandscapeRight UIInterfaceOrientationPortrait UIInterfaceOrientationPortraitUpsideDown";
				LD_RUNPATH_SEARCH_PATHS = (
					"$(inherited)",
					"@executable_path/Frameworks",
				);
				MARKETING_VERSION = 1.0;
				PRODUCT_BUNDLE_IDENTIFIER = MahiAlJawad.SwiftUI.Salah;
				PRODUCT_NAME = "$(TARGET_NAME)";
				SWIFT_EMIT_LOC_STRINGS = YES;
				SWIFT_VERSION = 5.0;
				TARGETED_DEVICE_FAMILY = "1,2";
			};
			name = Debug;
		};
		5AA6AB632B81E90A00E2A7DB /* Release */ = {
			isa = XCBuildConfiguration;
			buildSettings = {
				ASSETCATALOG_COMPILER_APPICON_NAME = AppIcon;
				ASSETCATALOG_COMPILER_GLOBAL_ACCENT_COLOR_NAME = AccentColor;
				CODE_SIGN_STYLE = Automatic;
				CURRENT_PROJECT_VERSION = 1;
				DEVELOPMENT_ASSET_PATHS = "\"Salah/Preview Content\"";
				DEVELOPMENT_TEAM = PXF7DUQPQ9;
				ENABLE_PREVIEWS = YES;
				GENERATE_INFOPLIST_FILE = YES;
				INFOPLIST_KEY_UIApplicationSceneManifest_Generation = YES;
				INFOPLIST_KEY_UIApplicationSupportsIndirectInputEvents = YES;
				INFOPLIST_KEY_UILaunchScreen_Generation = YES;
				INFOPLIST_KEY_UISupportedInterfaceOrientations = "UIInterfaceOrientationLandscapeLeft UIInterfaceOrientationLandscapeRight UIInterfaceOrientationPortrait UIInterfaceOrientationPortraitUpsideDown";
				LD_RUNPATH_SEARCH_PATHS = (
					"$(inherited)",
					"@executable_path/Frameworks",
				);
				MARKETING_VERSION = 1.0;
				PRODUCT_BUNDLE_IDENTIFIER = MahiAlJawad.SwiftUI.Salah;
				PRODUCT_NAME = "$(TARGET_NAME)";
				SWIFT_EMIT_LOC_STRINGS = YES;
				SWIFT_VERSION = 5.0;
				TARGETED_DEVICE_FAMILY = "1,2";
			};
			name = Release;
		};
/* End XCBuildConfiguration section */

/* Begin XCConfigurationList section */
		5AA6AB4E2B81E90900E2A7DB /* Build configuration list for PBXProject "Salah" */ = {
			isa = XCConfigurationList;
			buildConfigurations = (
				5AA6AB5F2B81E90A00E2A7DB /* Debug */,
				5AA6AB602B81E90A00E2A7DB /* Release */,
			);
			defaultConfigurationIsVisible = 0;
			defaultConfigurationName = Release;
		};
		5AA6AB612B81E90A00E2A7DB /* Build configuration list for PBXNativeTarget "Salah" */ = {
			isa = XCConfigurationList;
			buildConfigurations = (
				5AA6AB622B81E90A00E2A7DB /* Debug */,
				5AA6AB632B81E90A00E2A7DB /* Release */,
			);
			defaultConfigurationIsVisible = 0;
			defaultConfigurationName = Release;
		};
/* End XCConfigurationList section */
	};
	rootObject = 5AA6AB4B2B81E90900E2A7DB /* Project object */;
}
